
Microsoft Visual Studio Solution File, Format Version 12.00
# Visual Studio 15
VisualStudioVersion = 15.0.27130.2020
MinimumVisualStudioVersion = 10.0.40219.1
Project("{FAE04EC0-301F-11D3-BF4B-00C04F79EFBC}") = "OSPE", "OSPE.csproj", "{D6624821-19D5-40C6-9679-6F9CB79F8244}"
EndProject
Project("{8BC9CEB8-8B4A-11D0-8D11-00A0C91BC942}") = "OSPESpy", "DLL\WSHook.vcxproj", "{20074830-CE8A-4F03-B69D-F30559E1FCDD}"
EndProject
Project("{2150E333-8FDC-42A3-9474-1A3956D46DE8}") = "Solution Items", "Solution Items", "{B2F9973C-4267-4FF0-8307-95352B4DD135}"
EndProject
Global
	GlobalSection(SolutionConfigurationPlatforms) = preSolution
		Debug|Any CPU = Debug|Any CPU
		Debug|Mixed Platforms = Debug|Mixed Platforms
		Debug|Win32 = Debug|Win32
		Debug|x64 = Debug|x64
		Debug|x86 = Debug|x86
		Net35Debug|Any CPU = Net35Debug|Any CPU
		Net35Debug|Mixed Platforms = Net35Debug|Mixed Platforms
		Net35Debug|Win32 = Net35Debug|Win32
		Net35Debug|x64 = Net35Debug|x64
		Net35Debug|x86 = Net35Debug|x86
		Net35Release|Any CPU = Net35Release|Any CPU
		Net35Release|Mixed Platforms = Net35Release|Mixed Platforms
		Net35Release|Win32 = Net35Release|Win32
		Net35Release|x64 = Net35Release|x64
		Net35Release|x86 = Net35Release|x86
		Net40Debug|Any CPU = Net40Debug|Any CPU
		Net40Debug|Mixed Platforms = Net40Debug|Mixed Platforms
		Net40Debug|Win32 = Net40Debug|Win32
		Net40Debug|x64 = Net40Debug|x64
		Net40Debug|x86 = Net40Debug|x86
		Net40Release|Any CPU = Net40Release|Any CPU
		Net40Release|Mixed Platforms = Net40Release|Mixed Platforms
		Net40Release|Win32 = Net40Release|Win32
		Net40Release|x64 = Net40Release|x64
		Net40Release|x86 = Net40Release|x86
		Release|Any CPU = Release|Any CPU
		Release|Mixed Platforms = Release|Mixed Platforms
		Release|Win32 = Release|Win32
		Release|x64 = Release|x64
		Release|x86 = Release|x86
	EndGlobalSection
	GlobalSection(ProjectConfigurationPlatforms) = postSolution
		{D6624821-19D5-40C6-9679-6F9CB79F8244}.Debug|Any CPU.ActiveCfg = Debug|x86
		{D6624821-19D5-40C6-9679-6F9CB79F8244}.Debug|Mixed Platforms.ActiveCfg = Debug|x86
		{D6624821-19D5-40C6-9679-6F9CB79F8244}.Debug|Mixed Platforms.Build.0 = Debug|x86
		{D6624821-19D5-40C6-9679-6F9CB79F8244}.Debug|Win32.ActiveCfg = Debug|x86
		{D6624821-19D5-40C6-9679-6F9CB79F8244}.Debug|Win32.Build.0 = Debug|x86
		{D6624821-19D5-40C6-9679-6F9CB79F8244}.Debug|x64.ActiveCfg = Debug|x64
		{D6624821-19D5-40C6-9679-6F9CB79F8244}.Debug|x64.Build.0 = Debug|x64
		{D6624821-19D5-40C6-9679-6F9CB79F8244}.Debug|x86.ActiveCfg = Debug|x86
		{D6624821-19D5-40C6-9679-6F9CB79F8244}.Debug|x86.Build.0 = Debug|x86
		{D6624821-19D5-40C6-9679-6F9CB79F8244}.Net35Debug|Any CPU.ActiveCfg = Debug|x86
		{D6624821-19D5-40C6-9679-6F9CB79F8244}.Net35Debug|Mixed Platforms.ActiveCfg = Debug|x86
		{D6624821-19D5-40C6-9679-6F9CB79F8244}.Net35Debug|Mixed Platforms.Build.0 = Debug|x86
		{D6624821-19D5-40C6-9679-6F9CB79F8244}.Net35Debug|Win32.ActiveCfg = Debug|x86
		{D6624821-19D5-40C6-9679-6F9CB79F8244}.Net35Debug|Win32.Build.0 = Debug|x86
		{D6624821-19D5-40C6-9679-6F9CB79F8244}.Net35Debug|x64.ActiveCfg = Debug|x64
		{D6624821-19D5-40C6-9679-6F9CB79F8244}.Net35Debug|x64.Build.0 = Debug|x64
		{D6624821-19D5-40C6-9679-6F9CB79F8244}.Net35Debug|x86.ActiveCfg = Debug|x86
		{D6624821-19D5-40C6-9679-6F9CB79F8244}.Net35Debug|x86.Build.0 = Debug|x86
		{D6624821-19D5-40C6-9679-6F9CB79F8244}.Net35Release|Any CPU.ActiveCfg = Release|x86
		{D6624821-19D5-40C6-9679-6F9CB79F8244}.Net35Release|Mixed Platforms.ActiveCfg = Release|x86
		{D6624821-19D5-40C6-9679-6F9CB79F8244}.Net35Release|Mixed Platforms.Build.0 = Release|x86
		{D6624821-19D5-40C6-9679-6F9CB79F8244}.Net35Release|Win32.ActiveCfg = Release|x86
		{D6624821-19D5-40C6-9679-6F9CB79F8244}.Net35Release|Win32.Build.0 = Release|x86
		{D6624821-19D5-40C6-9679-6F9CB79F8244}.Net35Release|x64.ActiveCfg = Release|x64
		{D6624821-19D5-40C6-9679-6F9CB79F8244}.Net35Release|x64.Build.0 = Release|x64
		{D6624821-19D5-40C6-9679-6F9CB79F8244}.Net35Release|x86.ActiveCfg = Release|x86
		{D6624821-19D5-40C6-9679-6F9CB79F8244}.Net35Release|x86.Build.0 = Release|x86
		{D6624821-19D5-40C6-9679-6F9CB79F8244}.Net40Debug|Any CPU.ActiveCfg = Debug|x86
		{D6624821-19D5-40C6-9679-6F9CB79F8244}.Net40Debug|Mixed Platforms.ActiveCfg = Debug|x86
		{D6624821-19D5-40C6-9679-6F9CB79F8244}.Net40Debug|Mixed Platforms.Build.0 = Debug|x86
		{D6624821-19D5-40C6-9679-6F9CB79F8244}.Net40Debug|Win32.ActiveCfg = Debug|x86
		{D6624821-19D5-40C6-9679-6F9CB79F8244}.Net40Debug|Win32.Build.0 = Debug|x86
		{D6624821-19D5-40C6-9679-6F9CB79F8244}.Net40Debug|x64.ActiveCfg = Debug|x64
		{D6624821-19D5-40C6-9679-6F9CB79F8244}.Net40Debug|x64.Build.0 = Debug|x64
		{D6624821-19D5-40C6-9679-6F9CB79F8244}.Net40Debug|x86.ActiveCfg = Debug|x86
		{D6624821-19D5-40C6-9679-6F9CB79F8244}.Net40Debug|x86.Build.0 = Debug|x86
		{D6624821-19D5-40C6-9679-6F9CB79F8244}.Net40Release|Any CPU.ActiveCfg = Release|x86
		{D6624821-19D5-40C6-9679-6F9CB79F8244}.Net40Release|Mixed Platforms.ActiveCfg = Release|x86
		{D6624821-19D5-40C6-9679-6F9CB79F8244}.Net40Release|Mixed Platforms.Build.0 = Release|x86
		{D6624821-19D5-40C6-9679-6F9CB79F8244}.Net40Release|Win32.ActiveCfg = Release|x86
		{D6624821-19D5-40C6-9679-6F9CB79F8244}.Net40Release|Win32.Build.0 = Release|x86
		{D6624821-19D5-40C6-9679-6F9CB79F8244}.Net40Release|x64.ActiveCfg = Release|x64
		{D6624821-19D5-40C6-9679-6F9CB79F8244}.Net40Release|x64.Build.0 = Release|x64
		{D6624821-19D5-40C6-9679-6F9CB79F8244}.Net40Release|x86.ActiveCfg = Release|x86
		{D6624821-19D5-40C6-9679-6F9CB79F8244}.Net40Release|x86.Build.0 = Release|x86
		{D6624821-19D5-40C6-9679-6F9CB79F8244}.Release|Any CPU.ActiveCfg = Release|x86
		{D6624821-19D5-40C6-9679-6F9CB79F8244}.Release|Mixed Platforms.ActiveCfg = Release|x86
		{D6624821-19D5-40C6-9679-6F9CB79F8244}.Release|Mixed Platforms.Build.0 = Release|x86
		{D6624821-19D5-40C6-9679-6F9CB79F8244}.Release|Win32.ActiveCfg = Release|x86
		{D6624821-19D5-40C6-9679-6F9CB79F8244}.Release|Win32.Build.0 = Release|x86
		{D6624821-19D5-40C6-9679-6F9CB79F8244}.Release|x64.ActiveCfg = Release|x64
		{D6624821-19D5-40C6-9679-6F9CB79F8244}.Release|x64.Build.0 = Release|x64
		{D6624821-19D5-40C6-9679-6F9CB79F8244}.Release|x86.ActiveCfg = Release|x86
		{D6624821-19D5-40C6-9679-6F9CB79F8244}.Release|x86.Build.0 = Release|x86
		{20074830-CE8A-4F03-B69D-F30559E1FCDD}.Debug|Any CPU.ActiveCfg = Debug|Win32
		{20074830-CE8A-4F03-B69D-F30559E1FCDD}.Debug|Mixed Platforms.ActiveCfg = Debug|Win32
		{20074830-CE8A-4F03-B69D-F30559E1FCDD}.Debug|Mixed Platforms.Build.0 = Debug|Win32
		{20074830-CE8A-4F03-B69D-F30559E1FCDD}.Debug|Win32.ActiveCfg = Debug|Win32
		{20074830-CE8A-4F03-B69D-F30559E1FCDD}.Debug|x64.ActiveCfg = Debug|x64
		{20074830-CE8A-4F03-B69D-F30559E1FCDD}.Debug|x86.ActiveCfg = Debug|Win32
		{20074830-CE8A-4F03-B69D-F30559E1FCDD}.Debug|x86.Build.0 = Debug|Win32
		{20074830-CE8A-4F03-B69D-F30559E1FCDD}.Net35Debug|Any CPU.ActiveCfg = Debug|Win32
		{20074830-CE8A-4F03-B69D-F30559E1FCDD}.Net35Debug|Mixed Platforms.ActiveCfg = Debug|Win32
		{20074830-CE8A-4F03-B69D-F30559E1FCDD}.Net35Debug|Mixed Platforms.Build.0 = Debug|Win32
		{20074830-CE8A-4F03-B69D-F30559E1FCDD}.Net35Debug|Win32.ActiveCfg = Debug|Win32
		{20074830-CE8A-4F03-B69D-F30559E1FCDD}.Net35Debug|Win32.Build.0 = Debug|Win32
		{20074830-CE8A-4F03-B69D-F30559E1FCDD}.Net35Debug|x64.ActiveCfg = Debug|x64
		{20074830-CE8A-4F03-B69D-F30559E1FCDD}.Net35Debug|x64.Build.0 = Debug|x64
		{20074830-CE8A-4F03-B69D-F30559E1FCDD}.Net35Debug|x86.ActiveCfg = Debug|Win32
		{20074830-CE8A-4F03-B69D-F30559E1FCDD}.Net35Debug|x86.Build.0 = Debug|Win32
		{20074830-CE8A-4F03-B69D-F30559E1FCDD}.Net35Release|Any CPU.ActiveCfg = Release|Win32
		{20074830-CE8A-4F03-B69D-F30559E1FCDD}.Net35Release|Mixed Platforms.ActiveCfg = Release|Win32
		{20074830-CE8A-4F03-B69D-F30559E1FCDD}.Net35Release|Mixed Platforms.Build.0 = Release|Win32
		{20074830-CE8A-4F03-B69D-F30559E1FCDD}.Net35Release|Win32.ActiveCfg = Release|Win32
		{20074830-CE8A-4F03-B69D-F30559E1FCDD}.Net35Release|Win32.Build.0 = Release|Win32
		{20074830-CE8A-4F03-B69D-F30559E1FCDD}.Net35Release|x64.ActiveCfg = Release|x64
		{20074830-CE8A-4F03-B69D-F30559E1FCDD}.Net35Release|x64.Build.0 = Release|x64
		{20074830-CE8A-4F03-B69D-F30559E1FCDD}.Net35Release|x86.ActiveCfg = Release|Win32
		{20074830-CE8A-4F03-B69D-F30559E1FCDD}.Net35Release|x86.Build.0 = Release|Win32
		{20074830-CE8A-4F03-B69D-F30559E1FCDD}.Net40Debug|Any CPU.ActiveCfg = Debug|Win32
		{20074830-CE8A-4F03-B69D-F30559E1FCDD}.Net40Debug|Mixed Platforms.ActiveCfg = Debug|Win32
		{20074830-CE8A-4F03-B69D-F30559E1FCDD}.Net40Debug|Mixed Platforms.Build.0 = Debug|Win32
		{20074830-CE8A-4F03-B69D-F30559E1FCDD}.Net40Debug|Win32.ActiveCfg = Debug|Win32
		{20074830-CE8A-4F03-B69D-F30559E1FCDD}.Net40Debug|Win32.Build.0 = Debug|Win32
		{20074830-CE8A-4F03-B69D-F30559E1FCDD}.Net40Debug|x64.ActiveCfg = Debug|x64
		{20074830-CE8A-4F03-B69D-F30559E1FCDD}.Net40Debug|x64.Build.0 = Debug|x64
		{20074830-CE8A-4F03-B69D-F30559E1FCDD}.Net40Debug|x86.ActiveCfg = Debug|Win32
		{20074830-CE8A-4F03-B69D-F30559E1FCDD}.Net40Debug|x86.Build.0 = Debug|Win32
		{20074830-CE8A-4F03-B69D-F30559E1FCDD}.Net40Release|Any CPU.ActiveCfg = Release|Win32
		{20074830-CE8A-4F03-B69D-F30559E1FCDD}.Net40Release|Mixed Platforms.ActiveCfg = Release|Win32
		{20074830-CE8A-4F03-B69D-F30559E1FCDD}.Net40Release|Mixed Platforms.Build.0 = Release|Win32
		{20074830-CE8A-4F03-B69D-F30559E1FCDD}.Net40Release|Win32.ActiveCfg = Release|Win32
		{20074830-CE8A-4F03-B69D-F30559E1FCDD}.Net40Release|Win32.Build.0 = Release|Win32
		{20074830-CE8A-4F03-B69D-F30559E1FCDD}.Net40Release|x64.ActiveCfg = Release|x64
		{20074830-CE8A-4F03-B69D-F30559E1FCDD}.Net40Release|x64.Build.0 = Release|x64
		{20074830-CE8A-4F03-B69D-F30559E1FCDD}.Net40Release|x86.ActiveCfg = Release|Win32
		{20074830-CE8A-4F03-B69D-F30559E1FCDD}.Net40Release|x86.Build.0 = Release|Win32
		{20074830-CE8A-4F03-B69D-F30559E1FCDD}.Release|Any CPU.ActiveCfg = Release|Win32
		{20074830-CE8A-4F03-B69D-F30559E1FCDD}.Release|Mixed Platforms.ActiveCfg = Release|Win32
		{20074830-CE8A-4F03-B69D-F30559E1FCDD}.Release|Mixed Platforms.Build.0 = Release|Win32
		{20074830-CE8A-4F03-B69D-F30559E1FCDD}.Release|Win32.ActiveCfg = Release|Win32
		{20074830-CE8A-4F03-B69D-F30559E1FCDD}.Release|Win32.Build.0 = Release|Win32
		{20074830-CE8A-4F03-B69D-F30559E1FCDD}.Release|x64.ActiveCfg = Release|x64
		{20074830-CE8A-4F03-B69D-F30559E1FCDD}.Release|x86.ActiveCfg = Release|Win32
		{20074830-CE8A-4F03-B69D-F30559E1FCDD}.Release|x86.Build.0 = Release|Win32
	EndGlobalSection
	GlobalSection(SolutionProperties) = preSolution
		HideSolutionNode = FALSE
	EndGlobalSection
	GlobalSection(ExtensibilityGlobals) = postSolution
		SolutionGuid = {FCA8DFA1-D5D8-41ED-BA7A-249FE3A4F608}
	EndGlobalSection
EndGlobal
